// !$*UTF8*$!
{
	archiveVersion = 1;
	classes = {
	};
	objectVersion = 52;
	objects = {

/* Begin PBXBuildFile section */
		1059139126A2106800ED3914 /* AppDelegate.swift in Sources */ = {isa = PBXBuildFile; fileRef = 1059139026A2106800ED3914 /* AppDelegate.swift */; };
		1059139526A2106800ED3914 /* MainViewController.swift in Sources */ = {isa = PBXBuildFile; fileRef = 1059139426A2106800ED3914 /* MainViewController.swift */; };
		1059139A26A2106900ED3914 /* Assets.xcassets in Resources */ = {isa = PBXBuildFile; fileRef = 1059139926A2106900ED3914 /* Assets.xcassets */; };
		1059139D26A2106900ED3914 /* LaunchScreen.storyboard in Resources */ = {isa = PBXBuildFile; fileRef = 1059139B26A2106900ED3914 /* LaunchScreen.storyboard */; };
		105913A826A2106A00ED3914 /* GraphQL_ExerciseTests.swift in Sources */ = {isa = PBXBuildFile; fileRef = 105913A726A2106A00ED3914 /* GraphQL_ExerciseTests.swift */; };
		105913B326A2106A00ED3914 /* GraphQL_ExerciseUITests.swift in Sources */ = {isa = PBXBuildFile; fileRef = 105913B226A2106A00ED3914 /* GraphQL_ExerciseUITests.swift */; };
		105913C826A2125500ED3914 /* Apollo in Frameworks */ = {isa = PBXBuildFile; productRef = 105913C726A2125500ED3914 /* Apollo */; };
		105913CA26A2125500ED3914 /* ApolloWebSocket in Frameworks */ = {isa = PBXBuildFile; productRef = 105913C926A2125500ED3914 /* ApolloWebSocket */; };
		105913ED26A2190800ED3914 /* Network.swift in Sources */ = {isa = PBXBuildFile; fileRef = 105913EC26A2190800ED3914 /* Network.swift */; };
		1059141826A24BB600ED3914 /* LaunchList.graphql in Resources */ = {isa = PBXBuildFile; fileRef = 1059141726A24BB600ED3914 /* LaunchList.graphql */; };
		1059142026A24C5400ED3914 /* API.swift in Sources */ = {isa = PBXBuildFile; fileRef = 1059141F26A24C5400ED3914 /* API.swift */; };
		1059142926A2662600ED3914 /* EmptyEditableView.swift in Sources */ = {isa = PBXBuildFile; fileRef = 1059142826A2662600ED3914 /* EmptyEditableView.swift */; };
		1059143226A266CB00ED3914 /* UIColorExtension.swift in Sources */ = {isa = PBXBuildFile; fileRef = 1059143126A266CB00ED3914 /* UIColorExtension.swift */; };
		1059143A26A266ED00ED3914 /* StringEntension.swift in Sources */ = {isa = PBXBuildFile; fileRef = 1059143926A266ED00ED3914 /* StringEntension.swift */; };
		1059144826A2691100ED3914 /* LoadingView.swift in Sources */ = {isa = PBXBuildFile; fileRef = 1059144726A2691100ED3914 /* LoadingView.swift */; };
		1059146026A26D4E00ED3914 /* SceneDelegate.swift in Sources */ = {isa = PBXBuildFile; fileRef = 1059145F26A26D4E00ED3914 /* SceneDelegate.swift */; };
		1059146526A26EE100ED3914 /* Localizable.strings in Resources */ = {isa = PBXBuildFile; fileRef = 1059146426A26EE100ED3914 /* Localizable.strings */; };
		1059146B26A26F2F00ED3914 /* MainState.swift in Sources */ = {isa = PBXBuildFile; fileRef = 1059146A26A26F2F00ED3914 /* MainState.swift */; };
		1059147126A26F5C00ED3914 /* MainView.swift in Sources */ = {isa = PBXBuildFile; fileRef = 1059147026A26F5C00ED3914 /* MainView.swift */; };
		1059147926A274E100ED3914 /* Button.swift in Sources */ = {isa = PBXBuildFile; fileRef = 1059147826A274E100ED3914 /* Button.swift */; };
/* End PBXBuildFile section */

/* Begin PBXContainerItemProxy section */
		105913A426A2106A00ED3914 /* PBXContainerItemProxy */ = {
			isa = PBXContainerItemProxy;
			containerPortal = 1059138526A2106800ED3914 /* Project object */;
			proxyType = 1;
			remoteGlobalIDString = 1059138C26A2106800ED3914;
			remoteInfo = "GraphQL-Exercise";
		};
		105913AF26A2106A00ED3914 /* PBXContainerItemProxy */ = {
			isa = PBXContainerItemProxy;
			containerPortal = 1059138526A2106800ED3914 /* Project object */;
			proxyType = 1;
			remoteGlobalIDString = 1059138C26A2106800ED3914;
			remoteInfo = "GraphQL-Exercise";
		};
/* End PBXContainerItemProxy section */

/* Begin PBXFileReference section */
		1059138D26A2106800ED3914 /* GraphQL-Exercise.app */ = {isa = PBXFileReference; explicitFileType = wrapper.application; includeInIndex = 0; path = "GraphQL-Exercise.app"; sourceTree = BUILT_PRODUCTS_DIR; };
		1059139026A2106800ED3914 /* AppDelegate.swift */ = {isa = PBXFileReference; lastKnownFileType = sourcecode.swift; path = AppDelegate.swift; sourceTree = "<group>"; };
		1059139426A2106800ED3914 /* MainViewController.swift */ = {isa = PBXFileReference; lastKnownFileType = sourcecode.swift; path = MainViewController.swift; sourceTree = "<group>"; };
		1059139926A2106900ED3914 /* Assets.xcassets */ = {isa = PBXFileReference; lastKnownFileType = folder.assetcatalog; path = Assets.xcassets; sourceTree = "<group>"; };
		1059139C26A2106900ED3914 /* Base */ = {isa = PBXFileReference; lastKnownFileType = file.storyboard; name = Base; path = Base.lproj/LaunchScreen.storyboard; sourceTree = "<group>"; };
		1059139E26A2106900ED3914 /* Info.plist */ = {isa = PBXFileReference; lastKnownFileType = text.plist.xml; path = Info.plist; sourceTree = "<group>"; };
		105913A326A2106A00ED3914 /* GraphQL-ExerciseTests.xctest */ = {isa = PBXFileReference; explicitFileType = wrapper.cfbundle; includeInIndex = 0; path = "GraphQL-ExerciseTests.xctest"; sourceTree = BUILT_PRODUCTS_DIR; };
		105913A726A2106A00ED3914 /* GraphQL_ExerciseTests.swift */ = {isa = PBXFileReference; lastKnownFileType = sourcecode.swift; path = GraphQL_ExerciseTests.swift; sourceTree = "<group>"; };
		105913A926A2106A00ED3914 /* Info.plist */ = {isa = PBXFileReference; lastKnownFileType = text.plist.xml; path = Info.plist; sourceTree = "<group>"; };
		105913AE26A2106A00ED3914 /* GraphQL-ExerciseUITests.xctest */ = {isa = PBXFileReference; explicitFileType = wrapper.cfbundle; includeInIndex = 0; path = "GraphQL-ExerciseUITests.xctest"; sourceTree = BUILT_PRODUCTS_DIR; };
		105913B226A2106A00ED3914 /* GraphQL_ExerciseUITests.swift */ = {isa = PBXFileReference; lastKnownFileType = sourcecode.swift; path = GraphQL_ExerciseUITests.swift; sourceTree = "<group>"; };
		105913B426A2106A00ED3914 /* Info.plist */ = {isa = PBXFileReference; lastKnownFileType = text.plist.xml; path = Info.plist; sourceTree = "<group>"; };
		105913EC26A2190800ED3914 /* Network.swift */ = {isa = PBXFileReference; lastKnownFileType = sourcecode.swift; path = Network.swift; sourceTree = "<group>"; };
		1059141626A24B7F00ED3914 /* schema.json */ = {isa = PBXFileReference; lastKnownFileType = text.json; path = schema.json; sourceTree = "<group>"; };
		1059141726A24BB600ED3914 /* LaunchList.graphql */ = {isa = PBXFileReference; lastKnownFileType = text; path = LaunchList.graphql; sourceTree = "<group>"; };
		1059141F26A24C5400ED3914 /* API.swift */ = {isa = PBXFileReference; fileEncoding = 4; lastKnownFileType = sourcecode.swift; path = API.swift; sourceTree = "<group>"; };
		1059142826A2662600ED3914 /* EmptyEditableView.swift */ = {isa = PBXFileReference; lastKnownFileType = sourcecode.swift; path = EmptyEditableView.swift; sourceTree = "<group>"; };
		1059143126A266CB00ED3914 /* UIColorExtension.swift */ = {isa = PBXFileReference; lastKnownFileType = sourcecode.swift; path = UIColorExtension.swift; sourceTree = "<group>"; };
		1059143926A266ED00ED3914 /* StringEntension.swift */ = {isa = PBXFileReference; lastKnownFileType = sourcecode.swift; path = StringEntension.swift; sourceTree = "<group>"; };
		1059144726A2691100ED3914 /* LoadingView.swift */ = {isa = PBXFileReference; lastKnownFileType = sourcecode.swift; path = LoadingView.swift; sourceTree = "<group>"; };
		1059145F26A26D4E00ED3914 /* SceneDelegate.swift */ = {isa = PBXFileReference; lastKnownFileType = sourcecode.swift; path = SceneDelegate.swift; sourceTree = "<group>"; };
		1059146426A26EE100ED3914 /* Localizable.strings */ = {isa = PBXFileReference; lastKnownFileType = text.plist.strings; path = Localizable.strings; sourceTree = "<group>"; };
		1059146A26A26F2F00ED3914 /* MainState.swift */ = {isa = PBXFileReference; lastKnownFileType = sourcecode.swift; path = MainState.swift; sourceTree = "<group>"; };
		1059147026A26F5C00ED3914 /* MainView.swift */ = {isa = PBXFileReference; lastKnownFileType = sourcecode.swift; path = MainView.swift; sourceTree = "<group>"; };
		1059147826A274E100ED3914 /* Button.swift */ = {isa = PBXFileReference; lastKnownFileType = sourcecode.swift; path = Button.swift; sourceTree = "<group>"; };
/* End PBXFileReference section */

/* Begin PBXFrameworksBuildPhase section */
		1059138A26A2106800ED3914 /* Frameworks */ = {
			isa = PBXFrameworksBuildPhase;
			buildActionMask = 2147483647;
			files = (
				105913C826A2125500ED3914 /* Apollo in Frameworks */,
				105913CA26A2125500ED3914 /* ApolloWebSocket in Frameworks */,
			);
			runOnlyForDeploymentPostprocessing = 0;
		};
		105913A026A2106A00ED3914 /* Frameworks */ = {
			isa = PBXFrameworksBuildPhase;
			buildActionMask = 2147483647;
			files = (
			);
			runOnlyForDeploymentPostprocessing = 0;
		};
		105913AB26A2106A00ED3914 /* Frameworks */ = {
			isa = PBXFrameworksBuildPhase;
			buildActionMask = 2147483647;
			files = (
			);
			runOnlyForDeploymentPostprocessing = 0;
		};
/* End PBXFrameworksBuildPhase section */

/* Begin PBXGroup section */
		1059138426A2106800ED3914 = {
			isa = PBXGroup;
			children = (
				1059138F26A2106800ED3914 /* GraphQL-Exercise */,
				105913A626A2106A00ED3914 /* GraphQL-ExerciseTests */,
				105913B126A2106A00ED3914 /* GraphQL-ExerciseUITests */,
				1059138E26A2106800ED3914 /* Products */,
			);
			sourceTree = "<group>";
		};
		1059138E26A2106800ED3914 /* Products */ = {
			isa = PBXGroup;
			children = (
				1059138D26A2106800ED3914 /* GraphQL-Exercise.app */,
				105913A326A2106A00ED3914 /* GraphQL-ExerciseTests.xctest */,
				105913AE26A2106A00ED3914 /* GraphQL-ExerciseUITests.xctest */,
			);
			name = Products;
			sourceTree = "<group>";
		};
		1059138F26A2106800ED3914 /* GraphQL-Exercise */ = {
			isa = PBXGroup;
			children = (
				1059142726A2660E00ED3914 /* UIComponents */,
				1059142626A265E500ED3914 /* Resources */,
				1059142426A265BE00ED3914 /* Application */,
				1059141626A24B7F00ED3914 /* schema.json */,
				1059141F26A24C5400ED3914 /* API.swift */,
				1059141726A24BB600ED3914 /* LaunchList.graphql */,
				1059139E26A2106900ED3914 /* Info.plist */,
			);
			path = "GraphQL-Exercise";
			sourceTree = "<group>";
		};
		105913A626A2106A00ED3914 /* GraphQL-ExerciseTests */ = {
			isa = PBXGroup;
			children = (
				105913A726A2106A00ED3914 /* GraphQL_ExerciseTests.swift */,
				105913A926A2106A00ED3914 /* Info.plist */,
			);
			path = "GraphQL-ExerciseTests";
			sourceTree = "<group>";
		};
		105913B126A2106A00ED3914 /* GraphQL-ExerciseUITests */ = {
			isa = PBXGroup;
			children = (
				105913B226A2106A00ED3914 /* GraphQL_ExerciseUITests.swift */,
				105913B426A2106A00ED3914 /* Info.plist */,
			);
			path = "GraphQL-ExerciseUITests";
			sourceTree = "<group>";
		};
		1059142426A265BE00ED3914 /* Application */ = {
			isa = PBXGroup;
			children = (
				1059144F26A26A5E00ED3914 /* Main */,
				1059144026A2676000ED3914 /* Network */,
				1059143F26A2673F00ED3914 /* Launch */,
				1059143E26A2671A00ED3914 /* AppDelegate */,
				1059143026A266B000ED3914 /* Extensions */,
			);
			path = Application;
			sourceTree = "<group>";
		};
		1059142626A265E500ED3914 /* Resources */ = {
			isa = PBXGroup;
			children = (
				1059139926A2106900ED3914 /* Assets.xcassets */,
				1059146426A26EE100ED3914 /* Localizable.strings */,
			);
			path = Resources;
			sourceTree = "<group>";
		};
		1059142726A2660E00ED3914 /* UIComponents */ = {
			isa = PBXGroup;
			children = (
				1059142826A2662600ED3914 /* EmptyEditableView.swift */,
				1059144726A2691100ED3914 /* LoadingView.swift */,
				1059147826A274E100ED3914 /* Button.swift */,
			);
			path = UIComponents;
			sourceTree = "<group>";
		};
		1059143026A266B000ED3914 /* Extensions */ = {
			isa = PBXGroup;
			children = (
				1059143126A266CB00ED3914 /* UIColorExtension.swift */,
				1059143926A266ED00ED3914 /* StringEntension.swift */,
			);
			path = Extensions;
			sourceTree = "<group>";
		};
		1059143E26A2671A00ED3914 /* AppDelegate */ = {
			isa = PBXGroup;
			children = (
				1059139026A2106800ED3914 /* AppDelegate.swift */,
				1059145F26A26D4E00ED3914 /* SceneDelegate.swift */,
			);
			path = AppDelegate;
			sourceTree = "<group>";
		};
		1059143F26A2673F00ED3914 /* Launch */ = {
			isa = PBXGroup;
			children = (
				1059139B26A2106900ED3914 /* LaunchScreen.storyboard */,
			);
			path = Launch;
			sourceTree = "<group>";
		};
		1059144026A2676000ED3914 /* Network */ = {
			isa = PBXGroup;
			children = (
				105913EC26A2190800ED3914 /* Network.swift */,
			);
			path = Network;
			sourceTree = "<group>";
		};
		1059144F26A26A5E00ED3914 /* Main */ = {
			isa = PBXGroup;
			children = (
				1059146F26A26F5200ED3914 /* Views */,
				1059146926A26F1A00ED3914 /* States */,
				1059139426A2106800ED3914 /* MainViewController.swift */,
				1059147026A26F5C00ED3914 /* MainView.swift */,
			);
			path = Main;
			sourceTree = "<group>";
		};
		1059146926A26F1A00ED3914 /* States */ = {
			isa = PBXGroup;
			children = (
				1059146A26A26F2F00ED3914 /* MainState.swift */,
			);
			path = States;
			sourceTree = "<group>";
		};
		1059146F26A26F5200ED3914 /* Views */ = {
			isa = PBXGroup;
			children = (
			);
			path = Views;
			sourceTree = "<group>";
		};
/* End PBXGroup section */

/* Begin PBXNativeTarget section */
		1059138C26A2106800ED3914 /* GraphQL-Exercise */ = {
			isa = PBXNativeTarget;
			buildConfigurationList = 105913B726A2106A00ED3914 /* Build configuration list for PBXNativeTarget "GraphQL-Exercise" */;
			buildPhases = (
				105913CE26A2130700ED3914 /* Apollo CLI */,
				1059138926A2106800ED3914 /* Sources */,
				1059138A26A2106800ED3914 /* Frameworks */,
				1059138B26A2106800ED3914 /* Resources */,
			);
			buildRules = (
			);
			dependencies = (
			);
			name = "GraphQL-Exercise";
			packageProductDependencies = (
				105913C726A2125500ED3914 /* Apollo */,
				105913C926A2125500ED3914 /* ApolloWebSocket */,
			);
			productName = "GraphQL-Exercise";
			productReference = 1059138D26A2106800ED3914 /* GraphQL-Exercise.app */;
			productType = "com.apple.product-type.application";
		};
		105913A226A2106A00ED3914 /* GraphQL-ExerciseTests */ = {
			isa = PBXNativeTarget;
			buildConfigurationList = 105913BA26A2106A00ED3914 /* Build configuration list for PBXNativeTarget "GraphQL-ExerciseTests" */;
			buildPhases = (
				1059139F26A2106A00ED3914 /* Sources */,
				105913A026A2106A00ED3914 /* Frameworks */,
				105913A126A2106A00ED3914 /* Resources */,
			);
			buildRules = (
			);
			dependencies = (
				105913A526A2106A00ED3914 /* PBXTargetDependency */,
			);
			name = "GraphQL-ExerciseTests";
			productName = "GraphQL-ExerciseTests";
			productReference = 105913A326A2106A00ED3914 /* GraphQL-ExerciseTests.xctest */;
			productType = "com.apple.product-type.bundle.unit-test";
		};
		105913AD26A2106A00ED3914 /* GraphQL-ExerciseUITests */ = {
			isa = PBXNativeTarget;
			buildConfigurationList = 105913BD26A2106A00ED3914 /* Build configuration list for PBXNativeTarget "GraphQL-ExerciseUITests" */;
			buildPhases = (
				105913AA26A2106A00ED3914 /* Sources */,
				105913AB26A2106A00ED3914 /* Frameworks */,
				105913AC26A2106A00ED3914 /* Resources */,
			);
			buildRules = (
			);
			dependencies = (
				105913B026A2106A00ED3914 /* PBXTargetDependency */,
			);
			name = "GraphQL-ExerciseUITests";
			productName = "GraphQL-ExerciseUITests";
			productReference = 105913AE26A2106A00ED3914 /* GraphQL-ExerciseUITests.xctest */;
			productType = "com.apple.product-type.bundle.ui-testing";
		};
/* End PBXNativeTarget section */

/* Begin PBXProject section */
		1059138526A2106800ED3914 /* Project object */ = {
			isa = PBXProject;
			attributes = {
				LastSwiftUpdateCheck = 1240;
				LastUpgradeCheck = 1240;
				TargetAttributes = {
					1059138C26A2106800ED3914 = {
						CreatedOnToolsVersion = 12.4;
					};
					105913A226A2106A00ED3914 = {
						CreatedOnToolsVersion = 12.4;
						TestTargetID = 1059138C26A2106800ED3914;
					};
					105913AD26A2106A00ED3914 = {
						CreatedOnToolsVersion = 12.4;
						TestTargetID = 1059138C26A2106800ED3914;
					};
				};
			};
			buildConfigurationList = 1059138826A2106800ED3914 /* Build configuration list for PBXProject "GraphQL-Exercise" */;
			compatibilityVersion = "Xcode 9.3";
			developmentRegion = en;
			hasScannedForEncodings = 0;
			knownRegions = (
				en,
				Base,
			);
			mainGroup = 1059138426A2106800ED3914;
			packageReferences = (
				105913C626A2125500ED3914 /* XCRemoteSwiftPackageReference "apollo-ios" */,
			);
			productRefGroup = 1059138E26A2106800ED3914 /* Products */;
			projectDirPath = "";
			projectRoot = "";
			targets = (
				1059138C26A2106800ED3914 /* GraphQL-Exercise */,
				105913A226A2106A00ED3914 /* GraphQL-ExerciseTests */,
				105913AD26A2106A00ED3914 /* GraphQL-ExerciseUITests */,
			);
		};
/* End PBXProject section */

/* Begin PBXResourcesBuildPhase section */
		1059138B26A2106800ED3914 /* Resources */ = {
			isa = PBXResourcesBuildPhase;
			buildActionMask = 2147483647;
			files = (
				1059139D26A2106900ED3914 /* LaunchScreen.storyboard in Resources */,
				1059146526A26EE100ED3914 /* Localizable.strings in Resources */,
				1059139A26A2106900ED3914 /* Assets.xcassets in Resources */,
				1059141826A24BB600ED3914 /* LaunchList.graphql in Resources */,
			);
			runOnlyForDeploymentPostprocessing = 0;
		};
		105913A126A2106A00ED3914 /* Resources */ = {
			isa = PBXResourcesBuildPhase;
			buildActionMask = 2147483647;
			files = (
			);
			runOnlyForDeploymentPostprocessing = 0;
		};
		105913AC26A2106A00ED3914 /* Resources */ = {
			isa = PBXResourcesBuildPhase;
			buildActionMask = 2147483647;
			files = (
			);
			runOnlyForDeploymentPostprocessing = 0;
		};
/* End PBXResourcesBuildPhase section */

/* Begin PBXShellScriptBuildPhase section */
		105913CE26A2130700ED3914 /* Apollo CLI */ = {
			isa = PBXShellScriptBuildPhase;
			buildActionMask = 2147483647;
			files = (
			);
			inputFileListPaths = (
			);
			inputPaths = (
			);
			name = "Apollo CLI";
			outputFileListPaths = (
			);
			outputPaths = (
			);
			runOnlyForDeploymentPostprocessing = 0;
			shellPath = /bin/sh;
			shellScript = "# Go to the build root and search up the chain to find the Derived Data Path where the source packages are checked out.\nDERIVED_DATA_CANDIDATE=\"${BUILD_ROOT}\"\n\nwhile ! [ -d \"${DERIVED_DATA_CANDIDATE}/SourcePackages\" ]; do\n  if [ \"${DERIVED_DATA_CANDIDATE}\" = / ]; then\n    echo >&2 \"error: Unable to locate SourcePackages directory from BUILD_ROOT: '${BUILD_ROOT}'\"\n    exit 1\n  fi\n\n  DERIVED_DATA_CANDIDATE=\"$(dirname \"${DERIVED_DATA_CANDIDATE}\")\"\ndone\n\n# Grab a reference to the directory where scripts are checked out\nSCRIPT_PATH=\"${DERIVED_DATA_CANDIDATE}/SourcePackages/checkouts/apollo-ios/scripts\"\n\nif [ -z \"${SCRIPT_PATH}\" ]; then\n    echo >&2 \"error: Couldn't find the CLI script in your checked out SPM packages; make sure to add the framework to your project.\"\n    exit 1\nfi\n\ncd \"${SRCROOT}/${TARGET_NAME}\"\n\"${SCRIPT_PATH}\"/run-bundled-codegen.sh codegen:generate --target=swift --includes=./**/*.graphql --localSchemaFile=\"schema.json\" API.swift\n\n#\"${SCRIPT_PATH}\"/run-bundled-codegen.sh schema:download --endpoint=\"https://api.spacex.land/graphql/\"\n\n#\"${SCRIPT_PATH}\"/run-bundled-codegen.sh schema:download --endpoint=\"https://apollo-fullstack-tutorial.herokuapp.com/\"\n";
		};
/* End PBXShellScriptBuildPhase section */

/* Begin PBXSourcesBuildPhase section */
		1059138926A2106800ED3914 /* Sources */ = {
			isa = PBXSourcesBuildPhase;
			buildActionMask = 2147483647;
			files = (
				105913ED26A2190800ED3914 /* Network.swift in Sources */,
				1059143226A266CB00ED3914 /* UIColorExtension.swift in Sources */,
				1059146026A26D4E00ED3914 /* SceneDelegate.swift in Sources */,
				1059143A26A266ED00ED3914 /* StringEntension.swift in Sources */,
				1059139526A2106800ED3914 /* MainViewController.swift in Sources */,
				1059139126A2106800ED3914 /* AppDelegate.swift in Sources */,
				1059146B26A26F2F00ED3914 /* MainState.swift in Sources */,
				1059147926A274E100ED3914 /* Button.swift in Sources */,
				1059147126A26F5C00ED3914 /* MainView.swift in Sources */,
				1059142926A2662600ED3914 /* EmptyEditableView.swift in Sources */,
				1059142026A24C5400ED3914 /* API.swift in Sources */,
				1059144826A2691100ED3914 /* LoadingView.swift in Sources */,
			);
			runOnlyForDeploymentPostprocessing = 0;
		};
		1059139F26A2106A00ED3914 /* Sources */ = {
			isa = PBXSourcesBuildPhase;
			buildActionMask = 2147483647;
			files = (
				105913A826A2106A00ED3914 /* GraphQL_ExerciseTests.swift in Sources */,
			);
			runOnlyForDeploymentPostprocessing = 0;
		};
		105913AA26A2106A00ED3914 /* Sources */ = {
			isa = PBXSourcesBuildPhase;
			buildActionMask = 2147483647;
			files = (
				105913B326A2106A00ED3914 /* GraphQL_ExerciseUITests.swift in Sources */,
			);
			runOnlyForDeploymentPostprocessing = 0;
		};
/* End PBXSourcesBuildPhase section */

/* Begin PBXTargetDependency section */
		105913A526A2106A00ED3914 /* PBXTargetDependency */ = {
			isa = PBXTargetDependency;
			target = 1059138C26A2106800ED3914 /* GraphQL-Exercise */;
			targetProxy = 105913A426A2106A00ED3914 /* PBXContainerItemProxy */;
		};
		105913B026A2106A00ED3914 /* PBXTargetDependency */ = {
			isa = PBXTargetDependency;
			target = 1059138C26A2106800ED3914 /* GraphQL-Exercise */;
			targetProxy = 105913AF26A2106A00ED3914 /* PBXContainerItemProxy */;
		};
/* End PBXTargetDependency section */

/* Begin PBXVariantGroup section */
		1059139B26A2106900ED3914 /* LaunchScreen.storyboard */ = {
			isa = PBXVariantGroup;
			children = (
				1059139C26A2106900ED3914 /* Base */,
			);
			name = LaunchScreen.storyboard;
			sourceTree = "<group>";
		};
/* End PBXVariantGroup section */

/* Begin XCBuildConfiguration section */
		105913B526A2106A00ED3914 /* Debug */ = {
			isa = XCBuildConfiguration;
			buildSettings = {
				ALWAYS_SEARCH_USER_PATHS = NO;
				CLANG_ANALYZER_NONNULL = YES;
				CLANG_ANALYZER_NUMBER_OBJECT_CONVERSION = YES_AGGRESSIVE;
				CLANG_CXX_LANGUAGE_STANDARD = "gnu++14";
				CLANG_CXX_LIBRARY = "libc++";
				CLANG_ENABLE_MODULES = YES;
				CLANG_ENABLE_OBJC_ARC = YES;
				CLANG_ENABLE_OBJC_WEAK = YES;
				CLANG_WARN_BLOCK_CAPTURE_AUTORELEASING = YES;
				CLANG_WARN_BOOL_CONVERSION = YES;
				CLANG_WARN_COMMA = YES;
				CLANG_WARN_CONSTANT_CONVERSION = YES;
				CLANG_WARN_DEPRECATED_OBJC_IMPLEMENTATIONS = YES;
				CLANG_WARN_DIRECT_OBJC_ISA_USAGE = YES_ERROR;
				CLANG_WARN_DOCUMENTATION_COMMENTS = YES;
				CLANG_WARN_EMPTY_BODY = YES;
				CLANG_WARN_ENUM_CONVERSION = YES;
				CLANG_WARN_INFINITE_RECURSION = YES;
				CLANG_WARN_INT_CONVERSION = YES;
				CLANG_WARN_NON_LITERAL_NULL_CONVERSION = YES;
				CLANG_WARN_OBJC_IMPLICIT_RETAIN_SELF = YES;
				CLANG_WARN_OBJC_LITERAL_CONVERSION = YES;
				CLANG_WARN_OBJC_ROOT_CLASS = YES_ERROR;
				CLANG_WARN_QUOTED_INCLUDE_IN_FRAMEWORK_HEADER = YES;
				CLANG_WARN_RANGE_LOOP_ANALYSIS = YES;
				CLANG_WARN_STRICT_PROTOTYPES = YES;
				CLANG_WARN_SUSPICIOUS_MOVE = YES;
				CLANG_WARN_UNGUARDED_AVAILABILITY = YES_AGGRESSIVE;
				CLANG_WARN_UNREACHABLE_CODE = YES;
				CLANG_WARN__DUPLICATE_METHOD_MATCH = YES;
				COPY_PHASE_STRIP = NO;
				DEBUG_INFORMATION_FORMAT = dwarf;
				ENABLE_STRICT_OBJC_MSGSEND = YES;
				ENABLE_TESTABILITY = YES;
				GCC_C_LANGUAGE_STANDARD = gnu11;
				GCC_DYNAMIC_NO_PIC = NO;
				GCC_NO_COMMON_BLOCKS = YES;
				GCC_OPTIMIZATION_LEVEL = 0;
				GCC_PREPROCESSOR_DEFINITIONS = (
					"DEBUG=1",
					"$(inherited)",
				);
				GCC_WARN_64_TO_32_BIT_CONVERSION = YES;
				GCC_WARN_ABOUT_RETURN_TYPE = YES_ERROR;
				GCC_WARN_UNDECLARED_SELECTOR = YES;
				GCC_WARN_UNINITIALIZED_AUTOS = YES_AGGRESSIVE;
				GCC_WARN_UNUSED_FUNCTION = YES;
				GCC_WARN_UNUSED_VARIABLE = YES;
				IPHONEOS_DEPLOYMENT_TARGET = 14.4;
				MTL_ENABLE_DEBUG_INFO = INCLUDE_SOURCE;
				MTL_FAST_MATH = YES;
				ONLY_ACTIVE_ARCH = YES;
				SDKROOT = iphoneos;
				SWIFT_ACTIVE_COMPILATION_CONDITIONS = DEBUG;
				SWIFT_OPTIMIZATION_LEVEL = "-Onone";
			};
			name = Debug;
		};
		105913B626A2106A00ED3914 /* Release */ = {
			isa = XCBuildConfiguration;
			buildSettings = {
				ALWAYS_SEARCH_USER_PATHS = NO;
				CLANG_ANALYZER_NONNULL = YES;
				CLANG_ANALYZER_NUMBER_OBJECT_CONVERSION = YES_AGGRESSIVE;
				CLANG_CXX_LANGUAGE_STANDARD = "gnu++14";
				CLANG_CXX_LIBRARY = "libc++";
				CLANG_ENABLE_MODULES = YES;
				CLANG_ENABLE_OBJC_ARC = YES;
				CLANG_ENABLE_OBJC_WEAK = YES;
				CLANG_WARN_BLOCK_CAPTURE_AUTORELEASING = YES;
				CLANG_WARN_BOOL_CONVERSION = YES;
				CLANG_WARN_COMMA = YES;
				CLANG_WARN_CONSTANT_CONVERSION = YES;
				CLANG_WARN_DEPRECATED_OBJC_IMPLEMENTATIONS = YES;
				CLANG_WARN_DIRECT_OBJC_ISA_USAGE = YES_ERROR;
				CLANG_WARN_DOCUMENTATION_COMMENTS = YES;
				CLANG_WARN_EMPTY_BODY = YES;
				CLANG_WARN_ENUM_CONVERSION = YES;
				CLANG_WARN_INFINITE_RECURSION = YES;
				CLANG_WARN_INT_CONVERSION = YES;
				CLANG_WARN_NON_LITERAL_NULL_CONVERSION = YES;
				CLANG_WARN_OBJC_IMPLICIT_RETAIN_SELF = YES;
				CLANG_WARN_OBJC_LITERAL_CONVERSION = YES;
				CLANG_WARN_OBJC_ROOT_CLASS = YES_ERROR;
				CLANG_WARN_QUOTED_INCLUDE_IN_FRAMEWORK_HEADER = YES;
				CLANG_WARN_RANGE_LOOP_ANALYSIS = YES;
				CLANG_WARN_STRICT_PROTOTYPES = YES;
				CLANG_WARN_SUSPICIOUS_MOVE = YES;
				CLANG_WARN_UNGUARDED_AVAILABILITY = YES_AGGRESSIVE;
				CLANG_WARN_UNREACHABLE_CODE = YES;
				CLANG_WARN__DUPLICATE_METHOD_MATCH = YES;
				COPY_PHASE_STRIP = NO;
				DEBUG_INFORMATION_FORMAT = "dwarf-with-dsym";
				ENABLE_NS_ASSERTIONS = NO;
				ENABLE_STRICT_OBJC_MSGSEND = YES;
				GCC_C_LANGUAGE_STANDARD = gnu11;
				GCC_NO_COMMON_BLOCKS = YES;
				GCC_WARN_64_TO_32_BIT_CONVERSION = YES;
				GCC_WARN_ABOUT_RETURN_TYPE = YES_ERROR;
				GCC_WARN_UNDECLARED_SELECTOR = YES;
				GCC_WARN_UNINITIALIZED_AUTOS = YES_AGGRESSIVE;
				GCC_WARN_UNUSED_FUNCTION = YES;
				GCC_WARN_UNUSED_VARIABLE = YES;
				IPHONEOS_DEPLOYMENT_TARGET = 14.4;
				MTL_ENABLE_DEBUG_INFO = NO;
				MTL_FAST_MATH = YES;
				SDKROOT = iphoneos;
				SWIFT_COMPILATION_MODE = wholemodule;
				SWIFT_OPTIMIZATION_LEVEL = "-O";
				VALIDATE_PRODUCT = YES;
			};
			name = Release;
		};
		105913B826A2106A00ED3914 /* Debug */ = {
			isa = XCBuildConfiguration;
			buildSettings = {
				ASSETCATALOG_COMPILER_APPICON_NAME = AppIcon;
				ASSETCATALOG_COMPILER_GLOBAL_ACCENT_COLOR_NAME = AccentColor;
				CODE_SIGN_STYLE = Automatic;
				INFOPLIST_FILE = "GraphQL-Exercise/Info.plist";
				LD_RUNPATH_SEARCH_PATHS = (
					"$(inherited)",
					"@executable_path/Frameworks",
				);
				PRODUCT_BUNDLE_IDENTIFIER = "com.GraphQL-Exercise";
				PRODUCT_NAME = "$(TARGET_NAME)";
				SWIFT_VERSION = 5.0;
				TARGETED_DEVICE_FAMILY = "1,2";
			};
			name = Debug;
		};
		105913B926A2106A00ED3914 /* Release */ = {
			isa = XCBuildConfiguration;
			buildSettings = {
				ASSETCATALOG_COMPILER_APPICON_NAME = AppIcon;
				ASSETCATALOG_COMPILER_GLOBAL_ACCENT_COLOR_NAME = AccentColor;
				CODE_SIGN_STYLE = Automatic;
				INFOPLIST_FILE = "GraphQL-Exercise/Info.plist";
				LD_RUNPATH_SEARCH_PATHS = (
					"$(inherited)",
					"@executable_path/Frameworks",
				);
				PRODUCT_BUNDLE_IDENTIFIER = "com.GraphQL-Exercise";
				PRODUCT_NAME = "$(TARGET_NAME)";
				SWIFT_VERSION = 5.0;
				TARGETED_DEVICE_FAMILY = "1,2";
			};
			name = Release;
		};
		105913BB26A2106A00ED3914 /* Debug */ = {
			isa = XCBuildConfiguration;
			buildSettings = {
				ALWAYS_EMBED_SWIFT_STANDARD_LIBRARIES = YES;
				BUNDLE_LOADER = "$(TEST_HOST)";
				CODE_SIGN_STYLE = Automatic;
				INFOPLIST_FILE = "GraphQL-ExerciseTests/Info.plist";
				IPHONEOS_DEPLOYMENT_TARGET = 14.4;
				LD_RUNPATH_SEARCH_PATHS = (
					"$(inherited)",
					"@executable_path/Frameworks",
					"@loader_path/Frameworks",
				);
				PRODUCT_BUNDLE_IDENTIFIER = "com.GraphQL-ExerciseTests";
				PRODUCT_NAME = "$(TARGET_NAME)";
				SWIFT_VERSION = 5.0;
				TARGETED_DEVICE_FAMILY = "1,2";
				TEST_HOST = "$(BUILT_PRODUCTS_DIR)/GraphQL-Exercise.app/GraphQL-Exercise";
			};
			name = Debug;
		};
		105913BC26A2106A00ED3914 /* Release */ = {
			isa = XCBuildConfiguration;
			buildSettings = {
				ALWAYS_EMBED_SWIFT_STANDARD_LIBRARIES = YES;
				BUNDLE_LOADER = "$(TEST_HOST)";
				CODE_SIGN_STYLE = Automatic;
				INFOPLIST_FILE = "GraphQL-ExerciseTests/Info.plist";
				IPHONEOS_DEPLOYMENT_TARGET = 14.4;
				LD_RUNPATH_SEARCH_PATHS = (
					"$(inherited)",
					"@executable_path/Frameworks",
					"@loader_path/Frameworks",
				);
				PRODUCT_BUNDLE_IDENTIFIER = "com.GraphQL-ExerciseTests";
				PRODUCT_NAME = "$(TARGET_NAME)";
				SWIFT_VERSION = 5.0;
				TARGETED_DEVICE_FAMILY = "1,2";
				TEST_HOST = "$(BUILT_PRODUCTS_DIR)/GraphQL-Exercise.app/GraphQL-Exercise";
			};
			name = Release;
		};
		105913BE26A2106A00ED3914 /* Debug */ = {
			isa = XCBuildConfiguration;
			buildSettings = {
				ALWAYS_EMBED_SWIFT_STANDARD_LIBRARIES = YES;
				CODE_SIGN_STYLE = Automatic;
				INFOPLIST_FILE = "GraphQL-ExerciseUITests/Info.plist";
				LD_RUNPATH_SEARCH_PATHS = (
					"$(inherited)",
					"@executable_path/Frameworks",
					"@loader_path/Frameworks",
				);
				PRODUCT_BUNDLE_IDENTIFIER = "com.GraphQL-ExerciseUITests";
				PRODUCT_NAME = "$(TARGET_NAME)";
				SWIFT_VERSION = 5.0;
				TARGETED_DEVICE_FAMILY = "1,2";
				TEST_TARGET_NAME = "GraphQL-Exercise";
			};
			name = Debug;
		};
		105913BF26A2106A00ED3914 /* Release */ = {
			isa = XCBuildConfiguration;
			buildSettings = {
				ALWAYS_EMBED_SWIFT_STANDARD_LIBRARIES = YES;
				CODE_SIGN_STYLE = Automatic;
				INFOPLIST_FILE = "GraphQL-ExerciseUITests/Info.plist";
				LD_RUNPATH_SEARCH_PATHS = (
					"$(inherited)",
					"@executable_path/Frameworks",
					"@loader_path/Frameworks",
				);
				PRODUCT_BUNDLE_IDENTIFIER = "com.GraphQL-ExerciseUITests";
				PRODUCT_NAME = "$(TARGET_NAME)";
				SWIFT_VERSION = 5.0;
				TARGETED_DEVICE_FAMILY = "1,2";
				TEST_TARGET_NAME = "GraphQL-Exercise";
			};
			name = Release;
		};
/* End XCBuildConfiguration section */

/* Begin XCConfigurationList section */
		1059138826A2106800ED3914 /* Build configuration list for PBXProject "GraphQL-Exercise" */ = {
			isa = XCConfigurationList;
			buildConfigurations = (
				105913B526A2106A00ED3914 /* Debug */,
				105913B626A2106A00ED3914 /* Release */,
			);
			defaultConfigurationIsVisible = 0;
			defaultConfigurationName = Release;
		};
		105913B726A2106A00ED3914 /* Build configuration list for PBXNativeTarget "GraphQL-Exercise" */ = {
			isa = XCConfigurationList;
			buildConfigurations = (
				105913B826A2106A00ED3914 /* Debug */,
				105913B926A2106A00ED3914 /* Release */,
			);
			defaultConfigurationIsVisible = 0;
			defaultConfigurationName = Release;
		};
		105913BA26A2106A00ED3914 /* Build configuration list for PBXNativeTarget "GraphQL-ExerciseTests" */ = {
			isa = XCConfigurationList;
			buildConfigurations = (
				105913BB26A2106A00ED3914 /* Debug */,
				105913BC26A2106A00ED3914 /* Release */,
			);
			defaultConfigurationIsVisible = 0;
			defaultConfigurationName = Release;
		};
		105913BD26A2106A00ED3914 /* Build configuration list for PBXNativeTarget "GraphQL-ExerciseUITests" */ = {
			isa = XCConfigurationList;
			buildConfigurations = (
				105913BE26A2106A00ED3914 /* Debug */,
				105913BF26A2106A00ED3914 /* Release */,
			);
			defaultConfigurationIsVisible = 0;
			defaultConfigurationName = Release;
		};
/* End XCConfigurationList section */

/* Begin XCRemoteSwiftPackageReference section */
		105913C626A2125500ED3914 /* XCRemoteSwiftPackageReference "apollo-ios" */ = {
			isa = XCRemoteSwiftPackageReference;
			repositoryURL = "https://github.com/apollographql/apollo-ios.git";
			requirement = {
				kind = upToNextMinorVersion;
				minimumVersion = 0.45.0;
			};
		};
/* End XCRemoteSwiftPackageReference section */

/* Begin XCSwiftPackageProductDependency section */
		105913C726A2125500ED3914 /* Apollo */ = {
			isa = XCSwiftPackageProductDependency;
			package = 105913C626A2125500ED3914 /* XCRemoteSwiftPackageReference "apollo-ios" */;
			productName = Apollo;
		};
		105913C926A2125500ED3914 /* ApolloWebSocket */ = {
			isa = XCSwiftPackageProductDependency;
			package = 105913C626A2125500ED3914 /* XCRemoteSwiftPackageReference "apollo-ios" */;
			productName = ApolloWebSocket;
		};
/* End XCSwiftPackageProductDependency section */
	};
	rootObject = 1059138526A2106800ED3914 /* Project object */;
}
